// !$*UTF8*$!
{
	archiveVersion = 1;
	classes = {
	};
	objectVersion = 48;
	objects = {

/* Begin PBXBuildFile section */
		2B18320E200E27C000F95C44 /* AuthService.swift in Sources */ = {isa = PBXBuildFile; fileRef = 2B18320D200E27C000F95C44 /* AuthService.swift */; };
		2B183210200E321100F95C44 /* RoundedButton.swift in Sources */ = {isa = PBXBuildFile; fileRef = 2B18320F200E321100F95C44 /* RoundedButton.swift */; };
		2B88C751200A37470072414C /* ChatVC.swift in Sources */ = {isa = PBXBuildFile; fileRef = 2B88C750200A37470072414C /* ChatVC.swift */; };
		2B88C753200A37560072414C /* ChannelVC.swift in Sources */ = {isa = PBXBuildFile; fileRef = 2B88C752200A37560072414C /* ChannelVC.swift */; };
		2B88C755200A3D7F0072414C /* GradientView.swift in Sources */ = {isa = PBXBuildFile; fileRef = 2B88C754200A3D7F0072414C /* GradientView.swift */; };
		2B88C758200AA4EE0072414C /* Constants.swift in Sources */ = {isa = PBXBuildFile; fileRef = 2B88C757200AA4EE0072414C /* Constants.swift */; };
		2B88C75A200AAB000072414C /* LoginVC.swift in Sources */ = {isa = PBXBuildFile; fileRef = 2B88C759200AAB000072414C /* LoginVC.swift */; };
		2B88C75C200AAD130072414C /* CreateAccountVC.swift in Sources */ = {isa = PBXBuildFile; fileRef = 2B88C75B200AAD130072414C /* CreateAccountVC.swift */; };
		2B9796ED2035B9A300642F36 /* UserDataService.swift in Sources */ = {isa = PBXBuildFile; fileRef = 2B9796EC2035B9A300642F36 /* UserDataService.swift */; };
		2BC7E11C20057B1400C37C56 /* AppDelegate.swift in Sources */ = {isa = PBXBuildFile; fileRef = 2BC7E11B20057B1400C37C56 /* AppDelegate.swift */; };
		2BC7E12120057B1500C37C56 /* Main.storyboard in Resources */ = {isa = PBXBuildFile; fileRef = 2BC7E11F20057B1500C37C56 /* Main.storyboard */; };
		2BC7E12320057B1500C37C56 /* Assets.xcassets in Resources */ = {isa = PBXBuildFile; fileRef = 2BC7E12220057B1500C37C56 /* Assets.xcassets */; };
		2BC7E12620057B1500C37C56 /* LaunchScreen.storyboard in Resources */ = {isa = PBXBuildFile; fileRef = 2BC7E12420057B1500C37C56 /* LaunchScreen.storyboard */; };
		2BC7E131200582C400C37C56 /* SWRevealViewController.m in Sources */ = {isa = PBXBuildFile; fileRef = 2BC7E12F200582C400C37C56 /* SWRevealViewController.m */; };
		8E257ABD09632A324BD5FD44 /* Pods_Smack.framework in Frameworks */ = {isa = PBXBuildFile; fileRef = 1A6EA65159B276C13CEE2850 /* Pods_Smack.framework */; };
/* End PBXBuildFile section */

/* Begin PBXFileReference section */
		0CDE55CA51B802D6B24B92CD /* Pods-Smack.release.xcconfig */ = {isa = PBXFileReference; includeInIndex = 1; lastKnownFileType = text.xcconfig; name = "Pods-Smack.release.xcconfig"; path = "Pods/Target Support Files/Pods-Smack/Pods-Smack.release.xcconfig"; sourceTree = "<group>"; };
		1A6EA65159B276C13CEE2850 /* Pods_Smack.framework */ = {isa = PBXFileReference; explicitFileType = wrapper.framework; includeInIndex = 0; path = Pods_Smack.framework; sourceTree = BUILT_PRODUCTS_DIR; };
		2B18320D200E27C000F95C44 /* AuthService.swift */ = {isa = PBXFileReference; lastKnownFileType = sourcecode.swift; path = AuthService.swift; sourceTree = "<group>"; };
		2B18320F200E321100F95C44 /* RoundedButton.swift */ = {isa = PBXFileReference; lastKnownFileType = sourcecode.swift; path = RoundedButton.swift; sourceTree = "<group>"; };
		2B88C750200A37470072414C /* ChatVC.swift */ = {isa = PBXFileReference; lastKnownFileType = sourcecode.swift; path = ChatVC.swift; sourceTree = "<group>"; };
		2B88C752200A37560072414C /* ChannelVC.swift */ = {isa = PBXFileReference; lastKnownFileType = sourcecode.swift; path = ChannelVC.swift; sourceTree = "<group>"; };
		2B88C754200A3D7F0072414C /* GradientView.swift */ = {isa = PBXFileReference; lastKnownFileType = sourcecode.swift; path = GradientView.swift; sourceTree = "<group>"; };
		2B88C757200AA4EE0072414C /* Constants.swift */ = {isa = PBXFileReference; lastKnownFileType = sourcecode.swift; path = Constants.swift; sourceTree = "<group>"; };
		2B88C759200AAB000072414C /* LoginVC.swift */ = {isa = PBXFileReference; lastKnownFileType = sourcecode.swift; path = LoginVC.swift; sourceTree = "<group>"; };
		2B88C75B200AAD130072414C /* CreateAccountVC.swift */ = {isa = PBXFileReference; lastKnownFileType = sourcecode.swift; path = CreateAccountVC.swift; sourceTree = "<group>"; };
		2B9796EC2035B9A300642F36 /* UserDataService.swift */ = {isa = PBXFileReference; lastKnownFileType = sourcecode.swift; path = UserDataService.swift; sourceTree = "<group>"; };
		2BC7E11820057B1400C37C56 /* Smack.app */ = {isa = PBXFileReference; explicitFileType = wrapper.application; includeInIndex = 0; path = Smack.app; sourceTree = BUILT_PRODUCTS_DIR; };
		2BC7E11B20057B1400C37C56 /* AppDelegate.swift */ = {isa = PBXFileReference; lastKnownFileType = sourcecode.swift; path = AppDelegate.swift; sourceTree = "<group>"; };
		2BC7E12020057B1500C37C56 /* Base */ = {isa = PBXFileReference; lastKnownFileType = file.storyboard; name = Base; path = Base.lproj/Main.storyboard; sourceTree = "<group>"; };
		2BC7E12220057B1500C37C56 /* Assets.xcassets */ = {isa = PBXFileReference; lastKnownFileType = folder.assetcatalog; path = Assets.xcassets; sourceTree = "<group>"; };
		2BC7E12520057B1500C37C56 /* Base */ = {isa = PBXFileReference; lastKnownFileType = file.storyboard; name = Base; path = Base.lproj/LaunchScreen.storyboard; sourceTree = "<group>"; };
		2BC7E12720057B1500C37C56 /* Info.plist */ = {isa = PBXFileReference; lastKnownFileType = text.plist.xml; path = Info.plist; sourceTree = "<group>"; };
		2BC7E12E200582C200C37C56 /* Smack-Bridging-Header.h */ = {isa = PBXFileReference; lastKnownFileType = sourcecode.c.h; path = "Smack-Bridging-Header.h"; sourceTree = "<group>"; };
		2BC7E12F200582C400C37C56 /* SWRevealViewController.m */ = {isa = PBXFileReference; fileEncoding = 4; lastKnownFileType = sourcecode.c.objc; path = SWRevealViewController.m; sourceTree = "<group>"; };
		2BC7E130200582C400C37C56 /* SWRevealViewController.h */ = {isa = PBXFileReference; fileEncoding = 4; lastKnownFileType = sourcecode.c.h; path = SWRevealViewController.h; sourceTree = "<group>"; };
		87F1991485796B5D6BC2E4AF /* Pods-Smack.debug.xcconfig */ = {isa = PBXFileReference; includeInIndex = 1; lastKnownFileType = text.xcconfig; name = "Pods-Smack.debug.xcconfig"; path = "Pods/Target Support Files/Pods-Smack/Pods-Smack.debug.xcconfig"; sourceTree = "<group>"; };
/* End PBXFileReference section */

/* Begin PBXFrameworksBuildPhase section */
		2BC7E11520057B1400C37C56 /* Frameworks */ = {
			isa = PBXFrameworksBuildPhase;
			buildActionMask = 2147483647;
			files = (
				8E257ABD09632A324BD5FD44 /* Pods_Smack.framework in Frameworks */,
			);
			runOnlyForDeploymentPostprocessing = 0;
		};
/* End PBXFrameworksBuildPhase section */

/* Begin PBXGroup section */
		1360D40BBEE2C8F25E3B495C /* Pods */ = {
			isa = PBXGroup;
			children = (
				87F1991485796B5D6BC2E4AF /* Pods-Smack.debug.xcconfig */,
				0CDE55CA51B802D6B24B92CD /* Pods-Smack.release.xcconfig */,
			);
			name = Pods;
			sourceTree = "<group>";
		};
		2B18320C200E27AB00F95C44 /* Services */ = {
			isa = PBXGroup;
			children = (
				2B18320D200E27C000F95C44 /* AuthService.swift */,
				2B9796EC2035B9A300642F36 /* UserDataService.swift */,
			);
			path = Services;
			sourceTree = "<group>";
		};
		2B88C74D200A370E0072414C /* Model */ = {
			isa = PBXGroup;
			children = (
			);
			path = Model;
			sourceTree = "<group>";
		};
		2B88C74E200A37130072414C /* View */ = {
			isa = PBXGroup;
			children = (
				2B88C754200A3D7F0072414C /* GradientView.swift */,
				2B18320F200E321100F95C44 /* RoundedButton.swift */,
			);
			path = View;
			sourceTree = "<group>";
		};
		2B88C74F200A371C0072414C /* Controller */ = {
			isa = PBXGroup;
			children = (
				2B88C750200A37470072414C /* ChatVC.swift */,
				2B88C752200A37560072414C /* ChannelVC.swift */,
				2B88C759200AAB000072414C /* LoginVC.swift */,
				2B88C75B200AAD130072414C /* CreateAccountVC.swift */,
			);
			path = Controller;
			sourceTree = "<group>";
		};
		2B88C756200AA4D60072414C /* Utilities */ = {
			isa = PBXGroup;
			children = (
				2B88C757200AA4EE0072414C /* Constants.swift */,
			);
			path = Utilities;
			sourceTree = "<group>";
		};
		2BC7E10F20057B1400C37C56 = {
			isa = PBXGroup;
			children = (
				2BC7E11A20057B1400C37C56 /* Smack */,
				2BC7E11920057B1400C37C56 /* Products */,
				1360D40BBEE2C8F25E3B495C /* Pods */,
				9A1578F1C704766B34880667 /* Frameworks */,
			);
			sourceTree = "<group>";
		};
		2BC7E11920057B1400C37C56 /* Products */ = {
			isa = PBXGroup;
			children = (
				2BC7E11820057B1400C37C56 /* Smack.app */,
			);
			name = Products;
			sourceTree = "<group>";
		};
		2BC7E11A20057B1400C37C56 /* Smack */ = {
			isa = PBXGroup;
			children = (
				2B18320C200E27AB00F95C44 /* Services */,
				2B88C756200AA4D60072414C /* Utilities */,
				2B88C74D200A370E0072414C /* Model */,
				2B88C74E200A37130072414C /* View */,
				2B88C74F200A371C0072414C /* Controller */,
				2BC7E12D2005826700C37C56 /* Supporting FIles */,
				2BC7E11B20057B1400C37C56 /* AppDelegate.swift */,
				2BC7E11F20057B1500C37C56 /* Main.storyboard */,
				2BC7E12220057B1500C37C56 /* Assets.xcassets */,
				2BC7E12420057B1500C37C56 /* LaunchScreen.storyboard */,
				2BC7E12720057B1500C37C56 /* Info.plist */,
			);
			path = Smack;
			sourceTree = "<group>";
		};
		2BC7E12D2005826700C37C56 /* Supporting FIles */ = {
			isa = PBXGroup;
			children = (
				2BC7E130200582C400C37C56 /* SWRevealViewController.h */,
				2BC7E12F200582C400C37C56 /* SWRevealViewController.m */,
				2BC7E12E200582C200C37C56 /* Smack-Bridging-Header.h */,
			);
			path = "Supporting FIles";
			sourceTree = "<group>";
		};
		9A1578F1C704766B34880667 /* Frameworks */ = {
			isa = PBXGroup;
			children = (
				1A6EA65159B276C13CEE2850 /* Pods_Smack.framework */,
			);
			name = Frameworks;
			sourceTree = "<group>";
		};
/* End PBXGroup section */

/* Begin PBXNativeTarget section */
		2BC7E11720057B1400C37C56 /* Smack */ = {
			isa = PBXNativeTarget;
			buildConfigurationList = 2BC7E12A20057B1500C37C56 /* Build configuration list for PBXNativeTarget "Smack" */;
			buildPhases = (
				445801C6E7BD4441941C87B6 /* [CP] Check Pods Manifest.lock */,
				2BC7E11420057B1400C37C56 /* Sources */,
				2BC7E11520057B1400C37C56 /* Frameworks */,
				2BC7E11620057B1400C37C56 /* Resources */,
				7799A9C3CFB9E908F86EF308 /* [CP] Embed Pods Frameworks */,
				D19A3A4118138D1075A04114 /* [CP] Copy Pods Resources */,
			);
			buildRules = (
			);
			dependencies = (
			);
			name = Smack;
			productName = Smack;
			productReference = 2BC7E11820057B1400C37C56 /* Smack.app */;
			productType = "com.apple.product-type.application";
		};
/* End PBXNativeTarget section */

/* Begin PBXProject section */
		2BC7E11020057B1400C37C56 /* Project object */ = {
			isa = PBXProject;
			attributes = {
				LastSwiftUpdateCheck = 0920;
				LastUpgradeCheck = 0920;
				ORGANIZATIONNAME = Codeunicum;
				TargetAttributes = {
					2BC7E11720057B1400C37C56 = {
						CreatedOnToolsVersion = 9.2;
						LastSwiftMigration = 0920;
						ProvisioningStyle = Automatic;
					};
				};
			};
			buildConfigurationList = 2BC7E11320057B1400C37C56 /* Build configuration list for PBXProject "Smack" */;
			compatibilityVersion = "Xcode 8.0";
			developmentRegion = en;
			hasScannedForEncodings = 0;
			knownRegions = (
				en,
				Base,
			);
			mainGroup = 2BC7E10F20057B1400C37C56;
			productRefGroup = 2BC7E11920057B1400C37C56 /* Products */;
			projectDirPath = "";
			projectRoot = "";
			targets = (
				2BC7E11720057B1400C37C56 /* Smack */,
			);
		};
/* End PBXProject section */

/* Begin PBXResourcesBuildPhase section */
		2BC7E11620057B1400C37C56 /* Resources */ = {
			isa = PBXResourcesBuildPhase;
			buildActionMask = 2147483647;
			files = (
				2BC7E12620057B1500C37C56 /* LaunchScreen.storyboard in Resources */,
				2BC7E12320057B1500C37C56 /* Assets.xcassets in Resources */,
				2BC7E12120057B1500C37C56 /* Main.storyboard in Resources */,
			);
			runOnlyForDeploymentPostprocessing = 0;
		};
/* End PBXResourcesBuildPhase section */

/* Begin PBXShellScriptBuildPhase section */
		445801C6E7BD4441941C87B6 /* [CP] Check Pods Manifest.lock */ = {
			isa = PBXShellScriptBuildPhase;
			buildActionMask = 2147483647;
			files = (
			);
			inputPaths = (
			);
			name = "[CP] Check Pods Manifest.lock";
			outputPaths = (
			);
			runOnlyForDeploymentPostprocessing = 0;
			shellPath = /bin/sh;
			shellScript = "diff \"${PODS_ROOT}/../Podfile.lock\" \"${PODS_ROOT}/Manifest.lock\" > /dev/null\nif [ $? != 0 ] ; then\n    # print error to STDERR\n    echo \"error: The sandbox is not in sync with the Podfile.lock. Run 'pod install' or update your CocoaPods installation.\" >&2\n    exit 1\nfi\n";
			showEnvVarsInLog = 0;
		};
		7799A9C3CFB9E908F86EF308 /* [CP] Embed Pods Frameworks */ = {
			isa = PBXShellScriptBuildPhase;
			buildActionMask = 2147483647;
			files = (
			);
			inputPaths = (
			);
			name = "[CP] Embed Pods Frameworks";
			outputPaths = (
			);
			runOnlyForDeploymentPostprocessing = 0;
			shellPath = /bin/sh;
			shellScript = "\"${SRCROOT}/Pods/Target Support Files/Pods-Smack/Pods-Smack-frameworks.sh\"\n";
			showEnvVarsInLog = 0;
		};
		D19A3A4118138D1075A04114 /* [CP] Copy Pods Resources */ = {
			isa = PBXShellScriptBuildPhase;
			buildActionMask = 2147483647;
			files = (
			);
			inputPaths = (
			);
			name = "[CP] Copy Pods Resources";
			outputPaths = (
			);
			runOnlyForDeploymentPostprocessing = 0;
			shellPath = /bin/sh;
			shellScript = "\"${SRCROOT}/Pods/Target Support Files/Pods-Smack/Pods-Smack-resources.sh\"\n";
			showEnvVarsInLog = 0;
		};
/* End PBXShellScriptBuildPhase section */

/* Begin PBXSourcesBuildPhase section */
		2BC7E11420057B1400C37C56 /* Sources */ = {
			isa = PBXSourcesBuildPhase;
			buildActionMask = 2147483647;
			files = (
				2B88C753200A37560072414C /* ChannelVC.swift in Sources */,
				2B88C751200A37470072414C /* ChatVC.swift in Sources */,
				2B183210200E321100F95C44 /* RoundedButton.swift in Sources */,
				2B9796ED2035B9A300642F36 /* UserDataService.swift in Sources */,
				2B88C75C200AAD130072414C /* CreateAccountVC.swift in Sources */,
				2B18320E200E27C000F95C44 /* AuthService.swift in Sources */,
				2B88C75A200AAB000072414C /* LoginVC.swift in Sources */,
				2B88C755200A3D7F0072414C /* GradientView.swift in Sources */,
				2BC7E11C20057B1400C37C56 /* AppDelegate.swift in Sources */,
				2BC7E131200582C400C37C56 /* SWRevealViewController.m in Sources */,
				2B88C758200AA4EE0072414C /* Constants.swift in Sources */,
			);
			runOnlyForDeploymentPostprocessing = 0;
		};
/* End PBXSourcesBuildPhase section */

/* Begin PBXVariantGroup section */
		2BC7E11F20057B1500C37C56 /* Main.storyboard */ = {
			isa = PBXVariantGroup;
			children = (
				2BC7E12020057B1500C37C56 /* Base */,
			);
			name = Main.storyboard;
			sourceTree = "<group>";
		};
		2BC7E12420057B1500C37C56 /* LaunchScreen.storyboard */ = {
			isa = PBXVariantGroup;
			children = (
				2BC7E12520057B1500C37C56 /* Base */,
			);
			name = LaunchScreen.storyboard;
			sourceTree = "<group>";
		};
/* End PBXVariantGroup section */

/* Begin XCBuildConfiguration section */
		2BC7E12820057B1500C37C56 /* Debug */ = {
			isa = XCBuildConfiguration;
			buildSettings = {
				ALWAYS_SEARCH_USER_PATHS = NO;
				CLANG_ANALYZER_NONNULL = YES;
				CLANG_ANALYZER_NUMBER_OBJECT_CONVERSION = YES_AGGRESSIVE;
				CLANG_CXX_LANGUAGE_STANDARD = "gnu++14";
				CLANG_CXX_LIBRARY = "libc++";
				CLANG_ENABLE_MODULES = YES;
				CLANG_ENABLE_OBJC_ARC = YES;
				CLANG_WARN_BLOCK_CAPTURE_AUTORELEASING = YES;
				CLANG_WARN_BOOL_CONVERSION = YES;
				CLANG_WARN_COMMA = YES;
				CLANG_WARN_CONSTANT_CONVERSION = YES;
				CLANG_WARN_DIRECT_OBJC_ISA_USAGE = YES_ERROR;
				CLANG_WARN_DOCUMENTATION_COMMENTS = YES;
				CLANG_WARN_EMPTY_BODY = YES;
				CLANG_WARN_ENUM_CONVERSION = YES;
				CLANG_WARN_INFINITE_RECURSION = YES;
				CLANG_WARN_INT_CONVERSION = YES;
				CLANG_WARN_NON_LITERAL_NULL_CONVERSION = YES;
				CLANG_WARN_OBJC_LITERAL_CONVERSION = YES;
				CLANG_WARN_OBJC_ROOT_CLASS = YES_ERROR;
				CLANG_WARN_RANGE_LOOP_ANALYSIS = YES;
				CLANG_WARN_STRICT_PROTOTYPES = YES;
				CLANG_WARN_SUSPICIOUS_MOVE = YES;
				CLANG_WARN_UNGUARDED_AVAILABILITY = YES_AGGRESSIVE;
				CLANG_WARN_UNREACHABLE_CODE = YES;
				CLANG_WARN__DUPLICATE_METHOD_MATCH = YES;
				CODE_SIGN_IDENTITY = "iPhone Developer";
				COPY_PHASE_STRIP = NO;
				DEBUG_INFORMATION_FORMAT = dwarf;
				ENABLE_STRICT_OBJC_MSGSEND = YES;
				ENABLE_TESTABILITY = YES;
				GCC_C_LANGUAGE_STANDARD = gnu11;
				GCC_DYNAMIC_NO_PIC = NO;
				GCC_NO_COMMON_BLOCKS = YES;
				GCC_OPTIMIZATION_LEVEL = 0;
				GCC_PREPROCESSOR_DEFINITIONS = (
					"DEBUG=1",
					"$(inherited)",
				);
				GCC_WARN_64_TO_32_BIT_CONVERSION = YES;
				GCC_WARN_ABOUT_RETURN_TYPE = YES_ERROR;
				GCC_WARN_UNDECLARED_SELECTOR = YES;
				GCC_WARN_UNINITIALIZED_AUTOS = YES_AGGRESSIVE;
				GCC_WARN_UNUSED_FUNCTION = YES;
				GCC_WARN_UNUSED_VARIABLE = YES;
				IPHONEOS_DEPLOYMENT_TARGET = 11.2;
				MTL_ENABLE_DEBUG_INFO = YES;
				ONLY_ACTIVE_ARCH = YES;
				SDKROOT = iphoneos;
				SWIFT_ACTIVE_COMPILATION_CONDITIONS = DEBUG;
				SWIFT_OPTIMIZATION_LEVEL = "-Onone";
			};
			name = Debug;
		};
		2BC7E12920057B1500C37C56 /* Release */ = {
			isa = XCBuildConfiguration;
			buildSettings = {
				ALWAYS_SEARCH_USER_PATHS = NO;
				CLANG_ANALYZER_NONNULL = YES;
				CLANG_ANALYZER_NUMBER_OBJECT_CONVERSION = YES_AGGRESSIVE;
				CLANG_CXX_LANGUAGE_STANDARD = "gnu++14";
				CLANG_CXX_LIBRARY = "libc++";
				CLANG_ENABLE_MODULES = YES;
				CLANG_ENABLE_OBJC_ARC = YES;
				CLANG_WARN_BLOCK_CAPTURE_AUTORELEASING = YES;
				CLANG_WARN_BOOL_CONVERSION = YES;
				CLANG_WARN_COMMA = YES;
				CLANG_WARN_CONSTANT_CONVERSION = YES;
				CLANG_WARN_DIRECT_OBJC_ISA_USAGE = YES_ERROR;
				CLANG_WARN_DOCUMENTATION_COMMENTS = YES;
				CLANG_WARN_EMPTY_BODY = YES;
				CLANG_WARN_ENUM_CONVERSION = YES;
				CLANG_WARN_INFINITE_RECURSION = YES;
				CLANG_WARN_INT_CONVERSION = YES;
				CLANG_WARN_NON_LITERAL_NULL_CONVERSION = YES;
				CLANG_WARN_OBJC_LITERAL_CONVERSION = YES;
				CLANG_WARN_OBJC_ROOT_CLASS = YES_ERROR;
				CLANG_WARN_RANGE_LOOP_ANALYSIS = YES;
				CLANG_WARN_STRICT_PROTOTYPES = YES;
				CLANG_WARN_SUSPICIOUS_MOVE = YES;
				CLANG_WARN_UNGUARDED_AVAILABILITY = YES_AGGRESSIVE;
				CLANG_WARN_UNREACHABLE_CODE = YES;
				CLANG_WARN__DUPLICATE_METHOD_MATCH = YES;
				CODE_SIGN_IDENTITY = "iPhone Developer";
				COPY_PHASE_STRIP = NO;
				DEBUG_INFORMATION_FORMAT = "dwarf-with-dsym";
				ENABLE_NS_ASSERTIONS = NO;
				ENABLE_STRICT_OBJC_MSGSEND = YES;
				GCC_C_LANGUAGE_STANDARD = gnu11;
				GCC_NO_COMMON_BLOCKS = YES;
				GCC_WARN_64_TO_32_BIT_CONVERSION = YES;
				GCC_WARN_ABOUT_RETURN_TYPE = YES_ERROR;
				GCC_WARN_UNDECLARED_SELECTOR = YES;
				GCC_WARN_UNINITIALIZED_AUTOS = YES_AGGRESSIVE;
				GCC_WARN_UNUSED_FUNCTION = YES;
				GCC_WARN_UNUSED_VARIABLE = YES;
				IPHONEOS_DEPLOYMENT_TARGET = 11.2;
				MTL_ENABLE_DEBUG_INFO = NO;
				SDKROOT = iphoneos;
				SWIFT_OPTIMIZATION_LEVEL = "-Owholemodule";
				VALIDATE_PRODUCT = YES;
			};
			name = Release;
		};
		2BC7E12B20057B1500C37C56 /* Debug */ = {
			isa = XCBuildConfiguration;
			baseConfigurationReference = 87F1991485796B5D6BC2E4AF /* Pods-Smack.debug.xcconfig */;
			buildSettings = {
				ASSETCATALOG_COMPILER_APPICON_NAME = AppIcon;
				CLANG_ENABLE_MODULES = YES;
				CODE_SIGN_STYLE = Automatic;
				DEVELOPMENT_TEAM = UVU2QZYK46;
				INFOPLIST_FILE = Smack/Info.plist;
				LD_RUNPATH_SEARCH_PATHS = "$(inherited) @executable_path/Frameworks";
				PRODUCT_BUNDLE_IDENTIFIER = com.Codeunicum.Smack;
				PRODUCT_NAME = "$(TARGET_NAME)";
				SWIFT_OBJC_BRIDGING_HEADER = "Smack/Supporting FIles/Smack-Bridging-Header.h";
				SWIFT_OPTIMIZATION_LEVEL = "-Onone";
				SWIFT_VERSION = 4.0;
				TARGETED_DEVICE_FAMILY = "1,2";
			};
			name = Debug;
		};
		2BC7E12C20057B1500C37C56 /* Release */ = {
			isa = XCBuildConfiguration;
			baseConfigurationReference = 0CDE55CA51B802D6B24B92CD /* Pods-Smack.release.xcconfig */;
			buildSettings = {
				ASSETCATALOG_COMPILER_APPICON_NAME = AppIcon;
				CLANG_ENABLE_MODULES = YES;
				CODE_SIGN_STYLE = Automatic;
				DEVELOPMENT_TEAM = UVU2QZYK46;
				INFOPLIST_FILE = Smack/Info.plist;
				LD_RUNPATH_SEARCH_PATHS = "$(inherited) @executable_path/Frameworks";
				PRODUCT_BUNDLE_IDENTIFIER = com.Codeunicum.Smack;
				PRODUCT_NAME = "$(TARGET_NAME)";
				SWIFT_OBJC_BRIDGING_HEADER = "Smack/Supporting FIles/Smack-Bridging-Header.h";
				SWIFT_VERSION = 4.0;
				TARGETED_DEVICE_FAMILY = "1,2";
			};
			name = Release;
		};
/* End XCBuildConfiguration section */

/* Begin XCConfigurationList section */
		2BC7E11320057B1400C37C56 /* Build configuration list for PBXProject "Smack" */ = {
			isa = XCConfigurationList;
			buildConfigurations = (
				2BC7E12820057B1500C37C56 /* Debug */,
				2BC7E12920057B1500C37C56 /* Release */,
			);
			defaultConfigurationIsVisible = 0;
			defaultConfigurationName = Release;
		};
		2BC7E12A20057B1500C37C56 /* Build configuration list for PBXNativeTarget "Smack" */ = {
			isa = XCConfigurationList;
			buildConfigurations = (
				2BC7E12B20057B1500C37C56 /* Debug */,
				2BC7E12C20057B1500C37C56 /* Release */,
			);
			defaultConfigurationIsVisible = 0;
			defaultConfigurationName = Release;
		};
/* End XCConfigurationList section */
	};
	rootObject = 2BC7E11020057B1400C37C56 /* Project object */;
}
